<?xml version="1.0" encoding="utf-8"?>
<Project ToolsVersion="4.0" xmlns="http://schemas.microsoft.com/developer/msbuild/2003">
  <ItemGroup>
    <Filter Include="Generic source">
      <UniqueIdentifier>{c0f34578-fa2e-4119-93b8-efb2599650b0}</UniqueIdentifier>
    </Filter>
    <Filter Include="PSP specific source">
      <UniqueIdentifier>{b3179418-1a1f-4865-a04a-705a93d8eb1b}</UniqueIdentifier>
    </Filter>
    <Filter Include="Windows stubs">
      <UniqueIdentifier>{dcd7d2f2-79bb-4a66-8bc3-ccac097b9a72}</UniqueIdentifier>
    </Filter>
    <Filter Include="Windows stubs\sys">
      <UniqueIdentifier>{148dafbf-c3e6-4e54-8828-ee1b16ab8f02}</UniqueIdentifier>
    </Filter>
  </ItemGroup>
  <ItemGroup>
    <ClInclude Include="..\adivtab.h">
      <Filter>Generic source</Filter>
    </ClInclude>
    <ClInclude Include="..\anorm_dots.h">
      <Filter>Generic source</Filter>
    </ClInclude>
    <ClInclude Include="..\anorms.h">
      <Filter>Generic source</Filter>
    </ClInclude>
    <ClInclude Include="..\asm_i386.h">
      <Filter>Generic source</Filter>
    </ClInclude>
    <ClInclude Include="..\block16.h">
      <Filter>Generic source</Filter>
    </ClInclude>
    <ClInclude Include="..\bspfile.h">
      <Filter>Generic source</Filter>
    </ClInclude>
    <ClInclude Include="..\cdaudio.h">
      <Filter>Generic source</Filter>
    </ClInclude>
    <ClInclude Include="..\client.h">
      <Filter>Generic source</Filter>
    </ClInclude>
    <ClInclude Include="..\cmd.h">
      <Filter>Generic source</Filter>
    </ClInclude>
    <ClInclude Include="..\common.h">
      <Filter>Generic source</Filter>
    </ClInclude>
    <ClInclude Include="..\console.h">
      <Filter>Generic source</Filter>
    </ClInclude>
    <ClInclude Include="..\crc.h">
      <Filter>Generic source</Filter>
    </ClInclude>
    <ClInclude Include="..\cvar.h">
      <Filter>Generic source</Filter>
    </ClInclude>
    <ClInclude Include="..\draw.h">
      <Filter>Generic source</Filter>
    </ClInclude>
    <ClInclude Include="..\gl_warp_sin.h">
      <Filter>Generic source</Filter>
    </ClInclude>
    <ClInclude Include="..\input.h">
      <Filter>Generic source</Filter>
    </ClInclude>
    <ClInclude Include="..\keys.h">
      <Filter>Generic source</Filter>
    </ClInclude>
    <ClInclude Include="..\mathlib.h">
      <Filter>Generic source</Filter>
    </ClInclude>
    <ClInclude Include="..\menu.h">
      <Filter>Generic source</Filter>
    </ClInclude>
    <ClInclude Include="..\model.h">
      <Filter>Generic source</Filter>
    </ClInclude>
    <ClInclude Include="..\modelgen.h">
      <Filter>Generic source</Filter>
    </ClInclude>
    <ClInclude Include="..\net.h">
      <Filter>Generic source</Filter>
    </ClInclude>
    <ClInclude Include="..\net_dgrm.h">
      <Filter>Generic source</Filter>
    </ClInclude>
    <ClInclude Include="..\net_loop.h">
      <Filter>Generic source</Filter>
    </ClInclude>
    <ClInclude Include="..\net_vcr.h">
      <Filter>Generic source</Filter>
    </ClInclude>
    <ClInclude Include="..\pr_comp.h">
      <Filter>Generic source</Filter>
    </ClInclude>
    <ClInclude Include="..\progdefs.h">
      <Filter>Generic source</Filter>
    </ClInclude>
    <ClInclude Include="..\progs.h">
      <Filter>Generic source</Filter>
    </ClInclude>
    <ClInclude Include="..\protocol.h">
      <Filter>Generic source</Filter>
    </ClInclude>
    <ClInclude Include="..\quakedef.h">
      <Filter>Generic source</Filter>
    </ClInclude>
    <ClInclude Include="..\render.h">
      <Filter>Generic source</Filter>
    </ClInclude>
    <ClInclude Include="..\resource.h">
      <Filter>Generic source</Filter>
    </ClInclude>
    <ClInclude Include="..\sbar.h">
      <Filter>Generic source</Filter>
    </ClInclude>
    <ClInclude Include="..\screen.h">
      <Filter>Generic source</Filter>
    </ClInclude>
    <ClInclude Include="..\server.h">
      <Filter>Generic source</Filter>
    </ClInclude>
    <ClInclude Include="..\sound.h">
      <Filter>Generic source</Filter>
    </ClInclude>
    <ClInclude Include="..\spritegn.h">
      <Filter>Generic source</Filter>
    </ClInclude>
    <ClInclude Include="..\sys.h">
      <Filter>Generic source</Filter>
    </ClInclude>
    <ClInclude Include="..\vid.h">
      <Filter>Generic source</Filter>
    </ClInclude>
    <ClInclude Include="..\view.h">
      <Filter>Generic source</Filter>
    </ClInclude>
    <ClInclude Include="..\wad.h">
      <Filter>Generic source</Filter>
    </ClInclude>
    <ClInclude Include="..\world.h">
      <Filter>Generic source</Filter>
    </ClInclude>
    <ClInclude Include="..\zone.h">
      <Filter>Generic source</Filter>
    </ClInclude>
    <ClInclude Include="..\psp\battery.hpp">
      <Filter>PSP specific source</Filter>
    </ClInclude>
    <ClInclude Include="..\psp\system.hpp">
      <Filter>PSP specific source</Filter>
    </ClInclude>
    <ClInclude Include="..\psp\video_hardware.h">
      <Filter>PSP specific source</Filter>
    </ClInclude>
    <ClInclude Include="..\psp\video_hardware_model.h">
      <Filter>PSP specific source</Filter>
    </ClInclude>
    <ClInclude Include="pspaudiolib.h">
      <Filter>Windows stubs</Filter>
    </ClInclude>
    <ClInclude Include="pspctrl.h">
      <Filter>Windows stubs</Filter>
    </ClInclude>
    <ClInclude Include="pspdebug.h">
      <Filter>Windows stubs</Filter>
    </ClInclude>
    <ClInclude Include="pspdisplay.h">
      <Filter>Windows stubs</Filter>
    </ClInclude>
    <ClInclude Include="pspgu.h">
      <Filter>Windows stubs</Filter>
    </ClInclude>
    <ClInclude Include="pspkernel.h">
      <Filter>Windows stubs</Filter>
    </ClInclude>
    <ClInclude Include="pspmoduleinfo.h">
      <Filter>Windows stubs</Filter>
    </ClInclude>
    <ClInclude Include="psppower.h">
      <Filter>Windows stubs</Filter>
    </ClInclude>
    <ClInclude Include="psprtc.h">
      <Filter>Windows stubs</Filter>
    </ClInclude>
    <ClInclude Include="sys\stat.h">
      <Filter>Windows stubs\sys</Filter>
    </ClInclude>
    <ClInclude Include="sys\unistd.h">
      <Filter>Windows stubs\sys</Filter>
    </ClInclude>
  </ItemGroup>
  <ItemGroup>
    <ClCompile Include="..\cd_null.c">
      <Filter>Generic source</Filter>
    </ClCompile>
    <ClCompile Include="..\chase.c">
      <Filter>Generic source</Filter>
    </ClCompile>
    <ClCompile Include="..\cl_demo.c">
      <Filter>Generic source</Filter>
    </ClCompile>
    <ClCompile Include="..\cl_input.c">
      <Filter>Generic source</Filter>
    </ClCompile>
    <ClCompile Include="..\cl_main.c">
      <Filter>Generic source</Filter>
    </ClCompile>
    <ClCompile Include="..\cl_parse.c">
      <Filter>Generic source</Filter>
    </ClCompile>
    <ClCompile Include="..\cl_tent.c">
      <Filter>Generic source</Filter>
    </ClCompile>
    <ClCompile Include="..\cmd.c">
      <Filter>Generic source</Filter>
    </ClCompile>
    <ClCompile Include="..\common.c">
      <Filter>Generic source</Filter>
    </ClCompile>
    <ClCompile Include="..\console.c">
      <Filter>Generic source</Filter>
    </ClCompile>
    <ClCompile Include="..\crc.c">
      <Filter>Generic source</Filter>
    </ClCompile>
    <ClCompile Include="..\cvar.c">
      <Filter>Generic source</Filter>
    </ClCompile>
    <ClCompile Include="..\host.c">
      <Filter>Generic source</Filter>
    </ClCompile>
    <ClCompile Include="..\host_cmd.c">
      <Filter>Generic source</Filter>
    </ClCompile>
    <ClCompile Include="..\keys.c">
      <Filter>Generic source</Filter>
    </ClCompile>
    <ClCompile Include="..\mathlib.c">
      <Filter>Generic source</Filter>
    </ClCompile>
    <ClCompile Include="..\menu.c">
      <Filter>Generic source</Filter>
    </ClCompile>
    <ClCompile Include="..\net_dgrm.c">
      <Filter>Generic source</Filter>
    </ClCompile>
    <ClCompile Include="..\net_loop.c">
      <Filter>Generic source</Filter>
    </ClCompile>
    <ClCompile Include="..\net_main.c">
      <Filter>Generic source</Filter>
    </ClCompile>
    <ClCompile Include="..\net_none.c">
      <Filter>Generic source</Filter>
    </ClCompile>
    <ClCompile Include="..\net_vcr.c">
      <Filter>Generic source</Filter>
    </ClCompile>
    <ClCompile Include="..\pr_cmds.c">
      <Filter>Generic source</Filter>
    </ClCompile>
    <ClCompile Include="..\pr_edict.c">
      <Filter>Generic source</Filter>
    </ClCompile>
    <ClCompile Include="..\pr_exec.c">
      <Filter>Generic source</Filter>
    </ClCompile>
    <ClCompile Include="..\r_part.c">
      <Filter>Generic source</Filter>
    </ClCompile>
    <ClCompile Include="..\sbar.c">
      <Filter>Generic source</Filter>
    </ClCompile>
    <ClCompile Include="..\snd_dma.c">
      <Filter>Generic source</Filter>
    </ClCompile>
    <ClCompile Include="..\snd_mem.c">
      <Filter>Generic source</Filter>
    </ClCompile>
    <ClCompile Include="..\snd_mix.c">
      <Filter>Generic source</Filter>
    </ClCompile>
    <ClCompile Include="..\sv_main.c">
      <Filter>Generic source</Filter>
    </ClCompile>
    <ClCompile Include="..\sv_move.c">
      <Filter>Generic source</Filter>
    </ClCompile>
    <ClCompile Include="..\sv_phys.c">
      <Filter>Generic source</Filter>
    </ClCompile>
    <ClCompile Include="..\sv_user.c">
      <Filter>Generic source</Filter>
    </ClCompile>
    <ClCompile Include="..\view.c">
      <Filter>Generic source</Filter>
    </ClCompile>
    <ClCompile Include="..\wad.c">
      <Filter>Generic source</Filter>
    </ClCompile>
    <ClCompile Include="..\world.c">
      <Filter>Generic source</Filter>
    </ClCompile>
    <ClCompile Include="..\zone.c">
      <Filter>Generic source</Filter>
    </ClCompile>
    <ClCompile Include="..\psp\battery.cpp">
      <Filter>PSP specific source</Filter>
    </ClCompile>
    <ClCompile Include="..\psp\input.cpp">
      <Filter>PSP specific source</Filter>
    </ClCompile>
    <ClCompile Include="..\psp\main.cpp">
      <Filter>PSP specific source</Filter>
    </ClCompile>
    <ClCompile Include="..\psp\sound.cpp">
      <Filter>PSP specific source</Filter>
    </ClCompile>
    <ClCompile Include="..\psp\system.cpp">
      <Filter>PSP specific source</Filter>
    </ClCompile>
    <ClCompile Include="..\psp\video_hardware.cpp">
      <Filter>PSP specific source</Filter>
    </ClCompile>
    <ClCompile Include="..\psp\video_hardware_draw.cpp">
      <Filter>PSP specific source</Filter>
    </ClCompile>
    <ClCompile Include="..\psp\video_hardware_entity_fragment.cpp">
      <Filter>PSP specific source</Filter>
    </ClCompile>
    <ClCompile Include="..\psp\video_hardware_light.cpp">
      <Filter>PSP specific source</Filter>
    </ClCompile>
    <ClCompile Include="..\psp\video_hardware_main.cpp">
      <Filter>PSP specific source</Filter>
    </ClCompile>
    <ClCompile Include="..\psp\video_hardware_mesh.cpp">
      <Filter>PSP specific source</Filter>
    </ClCompile>
    <ClCompile Include="..\psp\video_hardware_misc.cpp">
      <Filter>PSP specific source</Filter>
    </ClCompile>
    <ClCompile Include="..\psp\video_hardware_model.cpp">
      <Filter>PSP specific source</Filter>
    </ClCompile>
    <ClCompile Include="..\psp\video_hardware_screen.cpp">
      <Filter>PSP specific source</Filter>
    </ClCompile>
    <ClCompile Include="..\psp\video_hardware_surface.cpp">
      <Filter>PSP specific source</Filter>
    </ClCompile>
    <ClCompile Include="..\psp\video_hardware_warp.cpp">
      <Filter>PSP specific source</Filter>
    </ClCompile>
  </ItemGroup>
</Project>